Microsoft Visual Studio Solution File, Format Version 12.00
# Visual Studio Version 17
VisualStudioVersion = 17.5.2.0
MinimumVisualStudioVersion = 10.0.40219.1
Project("{FAE04EC0-301F-11D3-BF4B-00C04F79EFBC}") = "Aspa", "src\Aspa.csproj", "{B8E551FE-8D6C-02D1-65BA-E85D0845BFC5}"
EndProject
Global
	GlobalSection(SolutionConfigurationPlatforms) = preSolution
		Debug|Any CPU = Debug|Any CPU
		Release|Any CPU = Release|Any CPU
	EndGlobalSection
	GlobalSection(ProjectConfigurationPlatforms) = postSolution
		{B8E551FE-8D6C-02D1-65BA-E85D0845BFC5}.Debug|Any CPU.ActiveCfg = Debug|Any CPU
		{B8E551FE-8D6C-02D1-65BA-E85D0845BFC5}.Debug|Any CPU.Build.0 = Debug|Any CPU
		{B8E551FE-8D6C-02D1-65BA-E85D0845BFC5}.Release|Any CPU.ActiveCfg = Release|Any CPU
		{B8E551FE-8D6C-02D1-65BA-E85D0845BFC5}.Release|Any CPU.Build.0 = Release|Any CPU
	EndGlobalSection
	GlobalSection(SolutionProperties) = preSolution
		HideSolutionNode = FALSE
	EndGlobalSection
	GlobalSection(ExtensibilityGlobals) = postSolution
		SolutionGuid = {AD761471-33D0-45FF-9C66-1E5BF85189E9}
	EndGlobalSection
EndGlobal
